// !$*UTF8*$!
{
	archiveVersion = 1;
	classes = {
	};
	objectVersion = 46;
	objects = {

/* Begin PBXBuildFile section */
		BE26C99918C6146700EB81D0 /* Foundation.framework in Frameworks */ = {isa = PBXBuildFile; fileRef = BE26C99818C6146700EB81D0 /* Foundation.framework */; };
		BE26C99B18C6146700EB81D0 /* CoreGraphics.framework in Frameworks */ = {isa = PBXBuildFile; fileRef = BE26C99A18C6146700EB81D0 /* CoreGraphics.framework */; };
		BE26C99D18C6146700EB81D0 /* UIKit.framework in Frameworks */ = {isa = PBXBuildFile; fileRef = BE26C99C18C6146700EB81D0 /* UIKit.framework */; };
		BE26C9A318C6146700EB81D0 /* InfoPlist.strings in Resources */ = {isa = PBXBuildFile; fileRef = BE26C9A118C6146700EB81D0 /* InfoPlist.strings */; };
		BE26C9A518C6146700EB81D0 /* main.m in Sources */ = {isa = PBXBuildFile; fileRef = BE26C9A418C6146700EB81D0 /* main.m */; };
		BE26C9A918C6146700EB81D0 /* AppDelegate.m in Sources */ = {isa = PBXBuildFile; fileRef = BE26C9A818C6146700EB81D0 /* AppDelegate.m */; };
		BE26C9AC18C6146700EB81D0 /* Main.storyboard in Resources */ = {isa = PBXBuildFile; fileRef = BE26C9AA18C6146700EB81D0 /* Main.storyboard */; };
		BE26C9B818C6146700EB81D0 /* XCTest.framework in Frameworks */ = {isa = PBXBuildFile; fileRef = BE26C9B718C6146700EB81D0 /* XCTest.framework */; };
		BE26C9B918C6146700EB81D0 /* Foundation.framework in Frameworks */ = {isa = PBXBuildFile; fileRef = BE26C99818C6146700EB81D0 /* Foundation.framework */; };
		BE26C9BA18C6146700EB81D0 /* UIKit.framework in Frameworks */ = {isa = PBXBuildFile; fileRef = BE26C99C18C6146700EB81D0 /* UIKit.framework */; };
		BE26C9C218C6146700EB81D0 /* InfoPlist.strings in Resources */ = {isa = PBXBuildFile; fileRef = BE26C9C018C6146700EB81D0 /* InfoPlist.strings */; };
		BE26C9C418C6146700EB81D0 /* UmpireCounterTests.m in Sources */ = {isa = PBXBuildFile; fileRef = BE26C9C318C6146700EB81D0 /* UmpireCounterTests.m */; };
		BE53964218C8C68A00B9942A /* MapKit.framework in Frameworks */ = {isa = PBXBuildFile; fileRef = BE53964118C8C68A00B9942A /* MapKit.framework */; };
		BE86243018C8482200F1E07F /* Game.m in Sources */ = {isa = PBXBuildFile; fileRef = BE86242F18C8482200F1E07F /* Game.m */; };
		BE86243318C8482200F1E07F /* Inning.m in Sources */ = {isa = PBXBuildFile; fileRef = BE86243218C8482200F1E07F /* Inning.m */; };
		BE86243518C8485700F1E07F /* CoreData.framework in Frameworks */ = {isa = PBXBuildFile; fileRef = BE86243418C8485700F1E07F /* CoreData.framework */; };
		BE86243718C8488E00F1E07F /* SettingParameter.plist in Resources */ = {isa = PBXBuildFile; fileRef = BE86243618C8488E00F1E07F /* SettingParameter.plist */; };
		BE86243A18C8749F00F1E07F /* GameTableViewCell.m in Sources */ = {isa = PBXBuildFile; fileRef = BE86243918C8749F00F1E07F /* GameTableViewCell.m */; };
		BEB6816018CAF43000A8C1AD /* Images.xcassets in Resources */ = {isa = PBXBuildFile; fileRef = BEB6815F18CAF43000A8C1AD /* Images.xcassets */; };
		BEB6816518CAFF2F00A8C1AD /* CounterViewController.m in Sources */ = {isa = PBXBuildFile; fileRef = BEB6816418CAFF2F00A8C1AD /* CounterViewController.m */; };
		BEBC94B118C75BB10094513E /* GameListViewController.m in Sources */ = {isa = PBXBuildFile; fileRef = BEBC94B018C75BB10094513E /* GameListViewController.m */; };
		BEBC94B718C75DDE0094513E /* AddGameViewController.m in Sources */ = {isa = PBXBuildFile; fileRef = BEBC94B618C75DDE0094513E /* AddGameViewController.m */; };
		BEBC94BA18C838C20094513E /* CoreModel.xcdatamodeld in Sources */ = {isa = PBXBuildFile; fileRef = BEBC94B818C838C20094513E /* CoreModel.xcdatamodeld */; };
/* End PBXBuildFile section */

/* Begin PBXContainerItemProxy section */
		BE26C9BB18C6146700EB81D0 /* PBXContainerItemProxy */ = {
			isa = PBXContainerItemProxy;
			containerPortal = BE26C98D18C6146700EB81D0 /* Project object */;
			proxyType = 1;
			remoteGlobalIDString = BE26C99418C6146700EB81D0;
			remoteInfo = UmpireCounter;
		};
/* End PBXContainerItemProxy section */

/* Begin PBXFileReference section */
		BE26C99518C6146700EB81D0 /* UmpireCounter.app */ = {isa = PBXFileReference; explicitFileType = wrapper.application; includeInIndex = 0; path = UmpireCounter.app; sourceTree = BUILT_PRODUCTS_DIR; };
		BE26C99818C6146700EB81D0 /* Foundation.framework */ = {isa = PBXFileReference; lastKnownFileType = wrapper.framework; name = Foundation.framework; path = System/Library/Frameworks/Foundation.framework; sourceTree = SDKROOT; };
		BE26C99A18C6146700EB81D0 /* CoreGraphics.framework */ = {isa = PBXFileReference; lastKnownFileType = wrapper.framework; name = CoreGraphics.framework; path = System/Library/Frameworks/CoreGraphics.framework; sourceTree = SDKROOT; };
		BE26C99C18C6146700EB81D0 /* UIKit.framework */ = {isa = PBXFileReference; lastKnownFileType = wrapper.framework; name = UIKit.framework; path = System/Library/Frameworks/UIKit.framework; sourceTree = SDKROOT; };
		BE26C9A018C6146700EB81D0 /* UmpireCounter-Info.plist */ = {isa = PBXFileReference; lastKnownFileType = text.plist.xml; path = "UmpireCounter-Info.plist"; sourceTree = "<group>"; };
		BE26C9A218C6146700EB81D0 /* en */ = {isa = PBXFileReference; lastKnownFileType = text.plist.strings; name = en; path = en.lproj/InfoPlist.strings; sourceTree = "<group>"; };
		BE26C9A418C6146700EB81D0 /* main.m */ = {isa = PBXFileReference; lastKnownFileType = sourcecode.c.objc; path = main.m; sourceTree = "<group>"; };
		BE26C9A618C6146700EB81D0 /* UmpireCounter-Prefix.pch */ = {isa = PBXFileReference; lastKnownFileType = sourcecode.c.h; path = "UmpireCounter-Prefix.pch"; sourceTree = "<group>"; };
		BE26C9A718C6146700EB81D0 /* AppDelegate.h */ = {isa = PBXFileReference; lastKnownFileType = sourcecode.c.h; path = AppDelegate.h; sourceTree = "<group>"; };
		BE26C9A818C6146700EB81D0 /* AppDelegate.m */ = {isa = PBXFileReference; lastKnownFileType = sourcecode.c.objc; path = AppDelegate.m; sourceTree = "<group>"; };
		BE26C9AB18C6146700EB81D0 /* Base */ = {isa = PBXFileReference; lastKnownFileType = file.storyboard; name = Base; path = Base.lproj/Main.storyboard; sourceTree = "<group>"; };
		BE26C9B618C6146700EB81D0 /* UmpireCounterTests.xctest */ = {isa = PBXFileReference; explicitFileType = wrapper.cfbundle; includeInIndex = 0; path = UmpireCounterTests.xctest; sourceTree = BUILT_PRODUCTS_DIR; };
		BE26C9B718C6146700EB81D0 /* XCTest.framework */ = {isa = PBXFileReference; lastKnownFileType = wrapper.framework; name = XCTest.framework; path = Library/Frameworks/XCTest.framework; sourceTree = DEVELOPER_DIR; };
		BE26C9BF18C6146700EB81D0 /* UmpireCounterTests-Info.plist */ = {isa = PBXFileReference; lastKnownFileType = text.plist.xml; path = "UmpireCounterTests-Info.plist"; sourceTree = "<group>"; };
		BE26C9C118C6146700EB81D0 /* en */ = {isa = PBXFileReference; lastKnownFileType = text.plist.strings; name = en; path = en.lproj/InfoPlist.strings; sourceTree = "<group>"; };
		BE26C9C318C6146700EB81D0 /* UmpireCounterTests.m */ = {isa = PBXFileReference; lastKnownFileType = sourcecode.c.objc; path = UmpireCounterTests.m; sourceTree = "<group>"; };
		BE53964118C8C68A00B9942A /* MapKit.framework */ = {isa = PBXFileReference; lastKnownFileType = wrapper.framework; name = MapKit.framework; path = System/Library/Frameworks/MapKit.framework; sourceTree = SDKROOT; };
		BE86242E18C8482200F1E07F /* Game.h */ = {isa = PBXFileReference; fileEncoding = 4; lastKnownFileType = sourcecode.c.h; name = Game.h; path = Model/Game.h; sourceTree = "<group>"; };
		BE86242F18C8482200F1E07F /* Game.m */ = {isa = PBXFileReference; fileEncoding = 4; lastKnownFileType = sourcecode.c.objc; name = Game.m; path = Model/Game.m; sourceTree = "<group>"; };
		BE86243118C8482200F1E07F /* Inning.h */ = {isa = PBXFileReference; fileEncoding = 4; lastKnownFileType = sourcecode.c.h; name = Inning.h; path = Model/Inning.h; sourceTree = "<group>"; };
		BE86243218C8482200F1E07F /* Inning.m */ = {isa = PBXFileReference; fileEncoding = 4; lastKnownFileType = sourcecode.c.objc; name = Inning.m; path = Model/Inning.m; sourceTree = "<group>"; };
		BE86243418C8485700F1E07F /* CoreData.framework */ = {isa = PBXFileReference; lastKnownFileType = wrapper.framework; name = CoreData.framework; path = System/Library/Frameworks/CoreData.framework; sourceTree = SDKROOT; };
		BE86243618C8488E00F1E07F /* SettingParameter.plist */ = {isa = PBXFileReference; fileEncoding = 4; lastKnownFileType = text.plist.xml; path = SettingParameter.plist; sourceTree = "<group>"; };
		BE86243818C8749F00F1E07F /* GameTableViewCell.h */ = {isa = PBXFileReference; fileEncoding = 4; lastKnownFileType = sourcecode.c.h; path = GameTableViewCell.h; sourceTree = "<group>"; };
		BE86243918C8749F00F1E07F /* GameTableViewCell.m */ = {isa = PBXFileReference; fileEncoding = 4; lastKnownFileType = sourcecode.c.objc; path = GameTableViewCell.m; sourceTree = "<group>"; };
		BEB6815F18CAF43000A8C1AD /* Images.xcassets */ = {isa = PBXFileReference; lastKnownFileType = folder.assetcatalog; path = Images.xcassets; sourceTree = "<group>"; };
		BEB6816118CAF6AE00A8C1AD /* iAd.framework */ = {isa = PBXFileReference; lastKnownFileType = wrapper.framework; name = iAd.framework; path = System/Library/Frameworks/iAd.framework; sourceTree = SDKROOT; };
		BEB6816318CAFF2F00A8C1AD /* CounterViewController.h */ = {isa = PBXFileReference; fileEncoding = 4; lastKnownFileType = sourcecode.c.h; path = CounterViewController.h; sourceTree = "<group>"; };
		BEB6816418CAFF2F00A8C1AD /* CounterViewController.m */ = {isa = PBXFileReference; fileEncoding = 4; lastKnownFileType = sourcecode.c.objc; path = CounterViewController.m; sourceTree = "<group>"; };
		BEBC94AF18C75BB10094513E /* GameListViewController.h */ = {isa = PBXFileReference; fileEncoding = 4; lastKnownFileType = sourcecode.c.h; path = GameListViewController.h; sourceTree = "<group>"; };
		BEBC94B018C75BB10094513E /* GameListViewController.m */ = {isa = PBXFileReference; fileEncoding = 4; lastKnownFileType = sourcecode.c.objc; path = GameListViewController.m; sourceTree = "<group>"; };
		BEBC94B518C75DDE0094513E /* AddGameViewController.h */ = {isa = PBXFileReference; fileEncoding = 4; lastKnownFileType = sourcecode.c.h; path = AddGameViewController.h; sourceTree = "<group>"; };
		BEBC94B618C75DDE0094513E /* AddGameViewController.m */ = {isa = PBXFileReference; fileEncoding = 4; lastKnownFileType = sourcecode.c.objc; path = AddGameViewController.m; sourceTree = "<group>"; };
		BEBC94B918C838C20094513E /* CoreModel.xcdatamodel */ = {isa = PBXFileReference; lastKnownFileType = wrapper.xcdatamodel; path = CoreModel.xcdatamodel; sourceTree = "<group>"; };
/* End PBXFileReference section */

/* Begin PBXFrameworksBuildPhase section */
		BE26C99218C6146700EB81D0 /* Frameworks */ = {
			isa = PBXFrameworksBuildPhase;
			buildActionMask = 2147483647;
			files = (
				BE53964218C8C68A00B9942A /* MapKit.framework in Frameworks */,
				BE86243518C8485700F1E07F /* CoreData.framework in Frameworks */,
				BE26C99B18C6146700EB81D0 /* CoreGraphics.framework in Frameworks */,
				BE26C99D18C6146700EB81D0 /* UIKit.framework in Frameworks */,
				BE26C99918C6146700EB81D0 /* Foundation.framework in Frameworks */,
			);
			runOnlyForDeploymentPostprocessing = 0;
		};
		BE26C9B318C6146700EB81D0 /* Frameworks */ = {
			isa = PBXFrameworksBuildPhase;
			buildActionMask = 2147483647;
			files = (
				BE26C9B818C6146700EB81D0 /* XCTest.framework in Frameworks */,
				BE26C9BA18C6146700EB81D0 /* UIKit.framework in Frameworks */,
				BE26C9B918C6146700EB81D0 /* Foundation.framework in Frameworks */,
			);
			runOnlyForDeploymentPostprocessing = 0;
		};
/* End PBXFrameworksBuildPhase section */

/* Begin PBXGroup section */
		BE26C98C18C6146700EB81D0 = {
			isa = PBXGroup;
			children = (
				BE26C99E18C6146700EB81D0 /* UmpireCounter */,
				BE26C9BD18C6146700EB81D0 /* UmpireCounterTests */,
				BE26C99718C6146700EB81D0 /* Frameworks */,
				BE26C99618C6146700EB81D0 /* Products */,
			);
			sourceTree = "<group>";
		};
		BE26C99618C6146700EB81D0 /* Products */ = {
			isa = PBXGroup;
			children = (
				BE26C99518C6146700EB81D0 /* UmpireCounter.app */,
				BE26C9B618C6146700EB81D0 /* UmpireCounterTests.xctest */,
			);
			name = Products;
			sourceTree = "<group>";
		};
		BE26C99718C6146700EB81D0 /* Frameworks */ = {
			isa = PBXGroup;
			children = (
				BEB6816118CAF6AE00A8C1AD /* iAd.framework */,
				BE53964118C8C68A00B9942A /* MapKit.framework */,
				BE86243418C8485700F1E07F /* CoreData.framework */,
				BE26C99818C6146700EB81D0 /* Foundation.framework */,
				BE26C99A18C6146700EB81D0 /* CoreGraphics.framework */,
				BE26C99C18C6146700EB81D0 /* UIKit.framework */,
				BE26C9B718C6146700EB81D0 /* XCTest.framework */,
			);
			name = Frameworks;
			sourceTree = "<group>";
		};
		BE26C99E18C6146700EB81D0 /* UmpireCounter */ = {
			isa = PBXGroup;
			children = (
				BEB6815F18CAF43000A8C1AD /* Images.xcassets */,
				BE26C9AA18C6146700EB81D0 /* Main.storyboard */,
				BE26C99F18C6146700EB81D0 /* Supporting Files */,
				BEBC94AF18C75BB10094513E /* GameListViewController.h */,
				BEBC94B018C75BB10094513E /* GameListViewController.m */,
				BEBC94B518C75DDE0094513E /* AddGameViewController.h */,
				BEBC94B618C75DDE0094513E /* AddGameViewController.m */,
				BE86242E18C8482200F1E07F /* Game.h */,
				BE86243118C8482200F1E07F /* Inning.h */,
				BE86243218C8482200F1E07F /* Inning.m */,
				BE86242F18C8482200F1E07F /* Game.m */,
				BEBC94B818C838C20094513E /* CoreModel.xcdatamodeld */,
				BE86243618C8488E00F1E07F /* SettingParameter.plist */,
				BE86243818C8749F00F1E07F /* GameTableViewCell.h */,
				BE86243918C8749F00F1E07F /* GameTableViewCell.m */,
				BEB6816318CAFF2F00A8C1AD /* CounterViewController.h */,
				BEB6816418CAFF2F00A8C1AD /* CounterViewController.m */,
			);
			path = UmpireCounter;
			sourceTree = "<group>";
		};
		BE26C99F18C6146700EB81D0 /* Supporting Files */ = {
			isa = PBXGroup;
			children = (
				BE26C9A718C6146700EB81D0 /* AppDelegate.h */,
				BE26C9A818C6146700EB81D0 /* AppDelegate.m */,
				BE26C9A018C6146700EB81D0 /* UmpireCounter-Info.plist */,
				BE26C9A118C6146700EB81D0 /* InfoPlist.strings */,
				BE26C9A418C6146700EB81D0 /* main.m */,
				BE26C9A618C6146700EB81D0 /* UmpireCounter-Prefix.pch */,
			);
			name = "Supporting Files";
			sourceTree = "<group>";
		};
		BE26C9BD18C6146700EB81D0 /* UmpireCounterTests */ = {
			isa = PBXGroup;
			children = (
				BE26C9C318C6146700EB81D0 /* UmpireCounterTests.m */,
				BE26C9BE18C6146700EB81D0 /* Supporting Files */,
			);
			path = UmpireCounterTests;
			sourceTree = "<group>";
		};
		BE26C9BE18C6146700EB81D0 /* Supporting Files */ = {
			isa = PBXGroup;
			children = (
				BE26C9BF18C6146700EB81D0 /* UmpireCounterTests-Info.plist */,
				BE26C9C018C6146700EB81D0 /* InfoPlist.strings */,
			);
			name = "Supporting Files";
			sourceTree = "<group>";
		};
/* End PBXGroup section */

/* Begin PBXNativeTarget section */
		BE26C99418C6146700EB81D0 /* UmpireCounter */ = {
			isa = PBXNativeTarget;
			buildConfigurationList = BE26C9C718C6146700EB81D0 /* Build configuration list for PBXNativeTarget "UmpireCounter" */;
			buildPhases = (
				BE26C99118C6146700EB81D0 /* Sources */,
				BE26C99218C6146700EB81D0 /* Frameworks */,
				BE26C99318C6146700EB81D0 /* Resources */,
			);
			buildRules = (
			);
			dependencies = (
			);
			name = UmpireCounter;
			productName = UmpireCounter;
			productReference = BE26C99518C6146700EB81D0 /* UmpireCounter.app */;
			productType = "com.apple.product-type.application";
		};
		BE26C9B518C6146700EB81D0 /* UmpireCounterTests */ = {
			isa = PBXNativeTarget;
			buildConfigurationList = BE26C9CA18C6146700EB81D0 /* Build configuration list for PBXNativeTarget "UmpireCounterTests" */;
			buildPhases = (
				BE26C9B218C6146700EB81D0 /* Sources */,
				BE26C9B318C6146700EB81D0 /* Frameworks */,
				BE26C9B418C6146700EB81D0 /* Resources */,
			);
			buildRules = (
			);
			dependencies = (
				BE26C9BC18C6146700EB81D0 /* PBXTargetDependency */,
			);
			name = UmpireCounterTests;
			productName = UmpireCounterTests;
			productReference = BE26C9B618C6146700EB81D0 /* UmpireCounterTests.xctest */;
			productType = "com.apple.product-type.bundle.unit-test";
		};
/* End PBXNativeTarget section */

/* Begin PBXProject section */
		BE26C98D18C6146700EB81D0 /* Project object */ = {
			isa = PBXProject;
			attributes = {
				LastUpgradeCheck = 0500;
				ORGANIZATIONNAME = com.aircon;
				TargetAttributes = {
					BE26C9B518C6146700EB81D0 = {
						TestTargetID = BE26C99418C6146700EB81D0;
					};
				};
			};
			buildConfigurationList = BE26C99018C6146700EB81D0 /* Build configuration list for PBXProject "UmpireCounter" */;
			compatibilityVersion = "Xcode 3.2";
			developmentRegion = English;
			hasScannedForEncodings = 0;
			knownRegions = (
				en,
				Base,
			);
			mainGroup = BE26C98C18C6146700EB81D0;
			productRefGroup = BE26C99618C6146700EB81D0 /* Products */;
			projectDirPath = "";
			projectRoot = "";
			targets = (
				BE26C99418C6146700EB81D0 /* UmpireCounter */,
				BE26C9B518C6146700EB81D0 /* UmpireCounterTests */,
			);
		};
/* End PBXProject section */

/* Begin PBXResourcesBuildPhase section */
		BE26C99318C6146700EB81D0 /* Resources */ = {
			isa = PBXResourcesBuildPhase;
			buildActionMask = 2147483647;
			files = (
				BE26C9A318C6146700EB81D0 /* InfoPlist.strings in Resources */,
				BEB6816018CAF43000A8C1AD /* Images.xcassets in Resources */,
				BE26C9AC18C6146700EB81D0 /* Main.storyboard in Resources */,
				BE86243718C8488E00F1E07F /* SettingParameter.plist in Resources */,
			);
			runOnlyForDeploymentPostprocessing = 0;
		};
		BE26C9B418C6146700EB81D0 /* Resources */ = {
			isa = PBXResourcesBuildPhase;
			buildActionMask = 2147483647;
			files = (
				BE26C9C218C6146700EB81D0 /* InfoPlist.strings in Resources */,
			);
			runOnlyForDeploymentPostprocessing = 0;
		};
/* End PBXResourcesBuildPhase section */

/* Begin PBXSourcesBuildPhase section */
		BE26C99118C6146700EB81D0 /* Sources */ = {
			isa = PBXSourcesBuildPhase;
			buildActionMask = 2147483647;
			files = (
				BEBC94B118C75BB10094513E /* GameListViewController.m in Sources */,
				BEBC94BA18C838C20094513E /* CoreModel.xcdatamodeld in Sources */,
				BE26C9A918C6146700EB81D0 /* AppDelegate.m in Sources */,
				BEB6816518CAFF2F00A8C1AD /* CounterViewController.m in Sources */,
				BE86243318C8482200F1E07F /* Inning.m in Sources */,
				BE26C9A518C6146700EB81D0 /* main.m in Sources */,
				BE86243018C8482200F1E07F /* Game.m in Sources */,
				BEBC94B718C75DDE0094513E /* AddGameViewController.m in Sources */,
				BE86243A18C8749F00F1E07F /* GameTableViewCell.m in Sources */,
			);
			runOnlyForDeploymentPostprocessing = 0;
		};
		BE26C9B218C6146700EB81D0 /* Sources */ = {
			isa = PBXSourcesBuildPhase;
			buildActionMask = 2147483647;
			files = (
				BE26C9C418C6146700EB81D0 /* UmpireCounterTests.m in Sources */,
			);
			runOnlyForDeploymentPostprocessing = 0;
		};
/* End PBXSourcesBuildPhase section */

/* Begin PBXTargetDependency section */
		BE26C9BC18C6146700EB81D0 /* PBXTargetDependency */ = {
			isa = PBXTargetDependency;
			target = BE26C99418C6146700EB81D0 /* UmpireCounter */;
			targetProxy = BE26C9BB18C6146700EB81D0 /* PBXContainerItemProxy */;
		};
/* End PBXTargetDependency section */

/* Begin PBXVariantGroup section */
		BE26C9A118C6146700EB81D0 /* InfoPlist.strings */ = {
			isa = PBXVariantGroup;
			children = (
				BE26C9A218C6146700EB81D0 /* en */,
			);
			name = InfoPlist.strings;
			sourceTree = "<group>";
		};
		BE26C9AA18C6146700EB81D0 /* Main.storyboard */ = {
			isa = PBXVariantGroup;
			children = (
				BE26C9AB18C6146700EB81D0 /* Base */,
			);
			name = Main.storyboard;
			sourceTree = "<group>";
		};
		BE26C9C018C6146700EB81D0 /* InfoPlist.strings */ = {
			isa = PBXVariantGroup;
			children = (
				BE26C9C118C6146700EB81D0 /* en */,
			);
			name = InfoPlist.strings;
			sourceTree = "<group>";
		};
/* End PBXVariantGroup section */

/* Begin XCBuildConfiguration section */
		BE26C9C518C6146700EB81D0 /* Debug */ = {
			isa = XCBuildConfiguration;
			buildSettings = {
				ALWAYS_SEARCH_USER_PATHS = NO;
				ARCHS = "$(ARCHS_STANDARD_INCLUDING_64_BIT)";
				CLANG_CXX_LANGUAGE_STANDARD = "gnu++0x";
				CLANG_CXX_LIBRARY = "libc++";
				CLANG_ENABLE_MODULES = YES;
				CLANG_ENABLE_OBJC_ARC = YES;
				CLANG_WARN_BOOL_CONVERSION = YES;
				CLANG_WARN_CONSTANT_CONVERSION = YES;
				CLANG_WARN_DIRECT_OBJC_ISA_USAGE = YES_ERROR;
				CLANG_WARN_EMPTY_BODY = YES;
				CLANG_WARN_ENUM_CONVERSION = YES;
				CLANG_WARN_INT_CONVERSION = YES;
				CLANG_WARN_OBJC_ROOT_CLASS = YES_ERROR;
				CLANG_WARN__DUPLICATE_METHOD_MATCH = YES;
				"CODE_SIGN_IDENTITY[sdk=iphoneos*]" = "iPhone Developer";
				COPY_PHASE_STRIP = NO;
				GCC_C_LANGUAGE_STANDARD = gnu99;
				GCC_DYNAMIC_NO_PIC = NO;
				GCC_OPTIMIZATION_LEVEL = 0;
				GCC_PREPROCESSOR_DEFINITIONS = (
					"DEBUG=1",
					"$(inherited)",
				);
				GCC_SYMBOLS_PRIVATE_EXTERN = NO;
				GCC_WARN_64_TO_32_BIT_CONVERSION = YES;
				GCC_WARN_ABOUT_RETURN_TYPE = YES_ERROR;
				GCC_WARN_UNDECLARED_SELECTOR = YES;
				GCC_WARN_UNINITIALIZED_AUTOS = YES;
				GCC_WARN_UNUSED_FUNCTION = YES;
				GCC_WARN_UNUSED_VARIABLE = YES;
				IPHONEOS_DEPLOYMENT_TARGET = 7.0;
				ONLY_ACTIVE_ARCH = YES;
				SDKROOT = iphoneos;
			};
			name = Debug;
		};
		BE26C9C618C6146700EB81D0 /* Release */ = {
			isa = XCBuildConfiguration;
			buildSettings = {
				ALWAYS_SEARCH_USER_PATHS = NO;
				ARCHS = "$(ARCHS_STANDARD_INCLUDING_64_BIT)";
				CLANG_CXX_LANGUAGE_STANDARD = "gnu++0x";
				CLANG_CXX_LIBRARY = "libc++";
				CLANG_ENABLE_MODULES = YES;
				CLANG_ENABLE_OBJC_ARC = YES;
				CLANG_WARN_BOOL_CONVERSION = YES;
				CLANG_WARN_CONSTANT_CONVERSION = YES;
				CLANG_WARN_DIRECT_OBJC_ISA_USAGE = YES_ERROR;
				CLANG_WARN_EMPTY_BODY = YES;
				CLANG_WARN_ENUM_CONVERSION = YES;
				CLANG_WARN_INT_CONVERSION = YES;
				CLANG_WARN_OBJC_ROOT_CLASS = YES_ERROR;
				CLANG_WARN__DUPLICATE_METHOD_MATCH = YES;
				"CODE_SIGN_IDENTITY[sdk=iphoneos*]" = "iPhone Developer";
				COPY_PHASE_STRIP = YES;
				ENABLE_NS_ASSERTIONS = NO;
				GCC_C_LANGUAGE_STANDARD = gnu99;
				GCC_WARN_64_TO_32_BIT_CONVERSION = YES;
				GCC_WARN_ABOUT_RETURN_TYPE = YES_ERROR;
				GCC_WARN_UNDECLARED_SELECTOR = YES;
				GCC_WARN_UNINITIALIZED_AUTOS = YES;
				GCC_WARN_UNUSED_FUNCTION = YES;
				GCC_WARN_UNUSED_VARIABLE = YES;
				IPHONEOS_DEPLOYMENT_TARGET = 7.0;
				SDKROOT = iphoneos;
				VALIDATE_PRODUCT = YES;
			};
			name = Release;
		};
		BE26C9C818C6146700EB81D0 /* Debug */ = {
			isa = XCBuildConfiguration;
			buildSettings = {
				ASSETCATALOG_COMPILER_APPICON_NAME = AppIcon;
				ASSETCATALOG_COMPILER_LAUNCHIMAGE_NAME = LaunchImage;
				GCC_PRECOMPILE_PREFIX_HEADER = YES;
				GCC_PREFIX_HEADER = "UmpireCounter/UmpireCounter-Prefix.pch";
				INFOPLIST_FILE = "UmpireCounter/UmpireCounter-Info.plist";
				PRODUCT_NAME = "$(TARGET_NAME)";
				WRAPPER_EXTENSION = app;
			};
			name = Debug;
		};
		BE26C9C918C6146700EB81D0 /* Release */ = {
			isa = XCBuildConfiguration;
			buildSettings = {
				ASSETCATALOG_COMPILER_APPICON_NAME = AppIcon;
				ASSETCATALOG_COMPILER_LAUNCHIMAGE_NAME = LaunchImage;
				GCC_PRECOMPILE_PREFIX_HEADER = YES;
				GCC_PREFIX_HEADER = "UmpireCounter/UmpireCounter-Prefix.pch";
				INFOPLIST_FILE = "UmpireCounter/UmpireCounter-Info.plist";
				PRODUCT_NAME = "$(TARGET_NAME)";
				WRAPPER_EXTENSION = app;
			};
			name = Release;
		};
		BE26C9CB18C6146700EB81D0 /* Debug */ = {
			isa = XCBuildConfiguration;
			buildSettings = {
				ARCHS = "$(ARCHS_STANDARD_INCLUDING_64_BIT)";
				BUNDLE_LOADER = "$(BUILT_PRODUCTS_DIR)/UmpireCounter.app/UmpireCounter";
				FRAMEWORK_SEARCH_PATHS = (
					"$(SDKROOT)/Developer/Library/Frameworks",
					"$(inherited)",
					"$(DEVELOPER_FRAMEWORKS_DIR)",
				);
				GCC_PRECOMPILE_PREFIX_HEADER = YES;
				GCC_PREFIX_HEADER = "UmpireCounter/UmpireCounter-Prefix.pch";
				GCC_PREPROCESSOR_DEFINITIONS = (
					"DEBUG=1",
					"$(inherited)",
				);
				INFOPLIST_FILE = "UmpireCounterTests/UmpireCounterTests-Info.plist";
				PRODUCT_NAME = "$(TARGET_NAME)";
				TEST_HOST = "$(BUNDLE_LOADER)";
				WRAPPER_EXTENSION = xctest;
			};
			name = Debug;
		};
		BE26C9CC18C6146700EB81D0 /* Release */ = {
			isa = XCBuildConfiguration;
			buildSettings = {
				ARCHS = "$(ARCHS_STANDARD_INCLUDING_64_BIT)";
				BUNDLE_LOADER = "$(BUILT_PRODUCTS_DIR)/UmpireCounter.app/UmpireCounter";
				FRAMEWORK_SEARCH_PATHS = (
					"$(SDKROOT)/Developer/Library/Frameworks",
					"$(inherited)",
					"$(DEVELOPER_FRAMEWORKS_DIR)",
				);
				GCC_PRECOMPILE_PREFIX_HEADER = YES;
				GCC_PREFIX_HEADER = "UmpireCounter/UmpireCounter-Prefix.pch";
				INFOPLIST_FILE = "UmpireCounterTests/UmpireCounterTests-Info.plist";
				PRODUCT_NAME = "$(TARGET_NAME)";
				TEST_HOST = "$(BUNDLE_LOADER)";
				WRAPPER_EXTENSION = xctest;
			};
			name = Release;
		};
/* End XCBuildConfiguration section */

/* Begin XCConfigurationList section */
		BE26C99018C6146700EB81D0 /* Build configuration list for PBXProject "UmpireCounter" */ = {
			isa = XCConfigurationList;
			buildConfigurations = (
				BE26C9C518C6146700EB81D0 /* Debug */,
				BE26C9C618C6146700EB81D0 /* Release */,
			);
			defaultConfigurationIsVisible = 0;
			defaultConfigurationName = Release;
		};
		BE26C9C718C6146700EB81D0 /* Build configuration list for PBXNativeTarget "UmpireCounter" */ = {
			isa = XCConfigurationList;
			buildConfigurations = (
				BE26C9C818C6146700EB81D0 /* Debug */,
				BE26C9C918C6146700EB81D0 /* Release */,
			);
			defaultConfigurationIsVisible = 0;
			defaultConfigurationName = Release;
		};
		BE26C9CA18C6146700EB81D0 /* Build configuration list for PBXNativeTarget "UmpireCounterTests" */ = {
			isa = XCConfigurationList;
			buildConfigurations = (
				BE26C9CB18C6146700EB81D0 /* Debug */,
				BE26C9CC18C6146700EB81D0 /* Release */,
			);
			defaultConfigurationIsVisible = 0;
			defaultConfigurationName = Release;
		};
/* End XCConfigurationList section */

/* Begin XCVersionGroup section */
		BEBC94B818C838C20094513E /* CoreModel.xcdatamodeld */ = {
			isa = XCVersionGroup;
			children = (
				BEBC94B918C838C20094513E /* CoreModel.xcdatamodel */,
			);
			currentVersion = BEBC94B918C838C20094513E /* CoreModel.xcdatamodel */;
			path = CoreModel.xcdatamodeld;
			sourceTree = "<group>";
			versionGroupType = wrapper.xcdatamodel;
		};
/* End XCVersionGroup section */
	};
	rootObject = BE26C98D18C6146700EB81D0 /* Project object */;
}
